
Microsoft Visual Studio Solution File, Format Version 12.00
# Visual Studio Version 17
VisualStudioVersion = 17.2.32526.322
MinimumVisualStudioVersion = 10.0.40219.1
Project("{9A19103F-16F7-4668-BE54-9A1E7A4F7556}") = "Delegates_IJunior", "Delegates_IJunior\Delegates_IJunior.csproj", "{88E7817D-FBF6-4AAD-99A9-E536E7F91578}"
EndProject
Global
	GlobalSection(SolutionConfigurationPlatforms) = preSolution
		Debug|Any CPU = Debug|Any CPU
		Release|Any CPU = Release|Any CPU
	EndGlobalSection
	GlobalSection(ProjectConfigurationPlatforms) = postSolution
		{88E7817D-FBF6-4AAD-99A9-E536E7F91578}.Debug|Any CPU.ActiveCfg = Debug|Any CPU
		{88E7817D-FBF6-4AAD-99A9-E536E7F91578}.Debug|Any CPU.Build.0 = Debug|Any CPU
		{88E7817D-FBF6-4AAD-99A9-E536E7F91578}.Release|Any CPU.ActiveCfg = Release|Any CPU
		{88E7817D-FBF6-4AAD-99A9-E536E7F91578}.Release|Any CPU.Build.0 = Release|Any CPU
	EndGlobalSection
	GlobalSection(SolutionProperties) = preSolution
		HideSolutionNode = FALSE
	EndGlobalSection
	GlobalSection(ExtensibilityGlobals) = postSolution
		SolutionGuid = {8403F99C-4C8B-4231-B9BB-E1DAF910904D}
	EndGlobalSection
EndGlobal
